
Microsoft Visual Studio Solution File, Format Version 12.00
# Visual Studio 2013
VisualStudioVersion = 12.0.30501.0
MinimumVisualStudioVersion = 10.0.40219.1
Project("{FAE04EC0-301F-11D3-BF4B-00C04F79EFBC}") = "Sistema de Registo de Presenças TG2", "Metro TG2\Sistema de Registo de Presenças TG2.csproj", "{CDF58B20-86A0-4174-9A04-D086D8F299EF}"
EndProject
Global
	GlobalSection(SolutionConfigurationPlatforms) = preSolution
		Debug|Any CPU = Debug|Any CPU
		Release|Any CPU = Release|Any CPU
	EndGlobalSection
	GlobalSection(ProjectConfigurationPlatforms) = postSolution
		{CDF58B20-86A0-4174-9A04-D086D8F299EF}.Debug|Any CPU.ActiveCfg = Debug|Any CPU
		{CDF58B20-86A0-4174-9A04-D086D8F299EF}.Debug|Any CPU.Build.0 = Debug|Any CPU
		{CDF58B20-86A0-4174-9A04-D086D8F299EF}.Release|Any CPU.ActiveCfg = Release|Any CPU
		{CDF58B20-86A0-4174-9A04-D086D8F299EF}.Release|Any CPU.Build.0 = Release|Any CPU
	EndGlobalSection
	GlobalSection(SolutionProperties) = preSolution
		HideSolutionNode = FALSE
	EndGlobalSection
EndGlobal
